
Microsoft Visual Studio Solution File, Format Version 12.00
# Visual Studio 15
VisualStudioVersion = 15.0.28307.1585
MinimumVisualStudioVersion = 10.0.40219.1
Project("{FAE04EC0-301F-11D3-BF4B-00C04F79EFBC}") = "CSF1Homework", "CSF1Homework.csproj", "{142E01D0-4BBC-43F8-AA73-1C677E42C3DA}"
EndProject
Global
	GlobalSection(SolutionConfigurationPlatforms) = preSolution
		Debug|Any CPU = Debug|Any CPU
		Release|Any CPU = Release|Any CPU
	EndGlobalSection
	GlobalSection(ProjectConfigurationPlatforms) = postSolution
		{142E01D0-4BBC-43F8-AA73-1C677E42C3DA}.Debug|Any CPU.ActiveCfg = Debug|Any CPU
		{142E01D0-4BBC-43F8-AA73-1C677E42C3DA}.Debug|Any CPU.Build.0 = Debug|Any CPU
		{142E01D0-4BBC-43F8-AA73-1C677E42C3DA}.Release|Any CPU.ActiveCfg = Release|Any CPU
		{142E01D0-4BBC-43F8-AA73-1C677E42C3DA}.Release|Any CPU.Build.0 = Release|Any CPU
	EndGlobalSection
	GlobalSection(SolutionProperties) = preSolution
		HideSolutionNode = FALSE
	EndGlobalSection
	GlobalSection(ExtensibilityGlobals) = postSolution
		SolutionGuid = {8A52C6E9-AEA2-4857-9DDF-C7A2F72681AF}
	EndGlobalSection
EndGlobal
